// !$*UTF8*$!
{
	archiveVersion = 1;
	classes = {
	};
	objectVersion = 55;
	objects = {

/* Begin PBXBuildFile section */
		E1FAA9E7287EE93A0088E4AE /* main.swift in Sources */ = {isa = PBXBuildFile; fileRef = E1FAA9E6287EE93A0088E4AE /* main.swift */; };
		E1FAAA07287EF7370088E4AE /* new.swift in Sources */ = {isa = PBXBuildFile; fileRef = E1FAAA06287EF7370088E4AE /* new.swift */; };
/* End PBXBuildFile section */

/* Begin PBXCopyFilesBuildPhase section */
		E1FAA9E1287EE93A0088E4AE /* CopyFiles */ = {
			isa = PBXCopyFilesBuildPhase;
			buildActionMask = 2147483647;
			dstPath = /usr/share/man/man1/;
			dstSubfolderSpec = 0;
			files = (
			);
			runOnlyForDeploymentPostprocessing = 1;
		};
/* End PBXCopyFilesBuildPhase section */

/* Begin PBXFileReference section */
		E14A87702890EA0C004F5D86 /* 1480.swift */ = {isa = PBXFileReference; lastKnownFileType = sourcecode.swift; path = 1480.swift; sourceTree = "<group>"; };
		E14A87712890EA36004F5D86 /* 724.swift */ = {isa = PBXFileReference; lastKnownFileType = sourcecode.swift; path = 724.swift; sourceTree = "<group>"; };
		E14A8773289233AE004F5D86 /* 205.swift */ = {isa = PBXFileReference; lastKnownFileType = sourcecode.swift; path = 205.swift; sourceTree = "<group>"; };
		E14A8774289233C4004F5D86 /* 392.swift */ = {isa = PBXFileReference; lastKnownFileType = sourcecode.swift; path = 392.swift; sourceTree = "<group>"; };
		E14A877728935E9B004F5D86 /* 206.swift */ = {isa = PBXFileReference; lastKnownFileType = sourcecode.swift; path = 206.swift; sourceTree = "<group>"; };
		E14A8778289365E4004F5D86 /* 21.swift */ = {isa = PBXFileReference; lastKnownFileType = sourcecode.swift; path = 21.swift; sourceTree = "<group>"; };
		E14A877A2894D8E9004F5D86 /* 876.swift */ = {isa = PBXFileReference; lastKnownFileType = sourcecode.swift; path = 876.swift; sourceTree = "<group>"; };
		E14A87802898A8A5004F5D86 /* 278.swift */ = {isa = PBXFileReference; lastKnownFileType = sourcecode.swift; path = 278.swift; sourceTree = "<group>"; };
		E14A87812898AC1A004F5D86 /* 704.swift */ = {isa = PBXFileReference; lastKnownFileType = sourcecode.swift; path = 704.swift; sourceTree = "<group>"; };
		E1E3399A28881A79001844C0 /* 4673.swift */ = {isa = PBXFileReference; lastKnownFileType = sourcecode.swift; path = 4673.swift; sourceTree = "<group>"; };
		E1E3399B28881D24001844C0 /* 1110.swift */ = {isa = PBXFileReference; lastKnownFileType = sourcecode.swift; path = 1110.swift; sourceTree = "<group>"; };
		E1E3399C288823C6001844C0 /* 1065.swift */ = {isa = PBXFileReference; lastKnownFileType = sourcecode.swift; path = 1065.swift; sourceTree = "<group>"; };
		E1E3399D2889C795001844C0 /* 2562.swift */ = {isa = PBXFileReference; lastKnownFileType = sourcecode.swift; path = 2562.swift; sourceTree = "<group>"; };
		E1E3399E2889C8AB001844C0 /* 2577.swift */ = {isa = PBXFileReference; lastKnownFileType = sourcecode.swift; path = 2577.swift; sourceTree = "<group>"; };
		E1E339DA288C1474001844C0 /* 3052.swift */ = {isa = PBXFileReference; lastKnownFileType = sourcecode.swift; path = 3052.swift; sourceTree = "<group>"; };
		E1E339DB288C1796001844C0 /* 1546.swift */ = {isa = PBXFileReference; lastKnownFileType = sourcecode.swift; path = 1546.swift; sourceTree = "<group>"; };
		E1E339DC288DADF1001844C0 /* 8958.swift */ = {isa = PBXFileReference; lastKnownFileType = sourcecode.swift; path = 8958.swift; sourceTree = "<group>"; };
		E1E339DD288DBB01001844C0 /* 4344.swift */ = {isa = PBXFileReference; lastKnownFileType = sourcecode.swift; path = 4344.swift; sourceTree = "<group>"; };
		E1FAA9E3287EE93A0088E4AE /* Algorithm */ = {isa = PBXFileReference; explicitFileType = "compiled.mach-o.executable"; includeInIndex = 0; path = Algorithm; sourceTree = BUILT_PRODUCTS_DIR; };
		E1FAA9E6287EE93A0088E4AE /* main.swift */ = {isa = PBXFileReference; lastKnownFileType = sourcecode.swift; path = main.swift; sourceTree = "<group>"; };
		E1FAAA06287EF7370088E4AE /* new.swift */ = {isa = PBXFileReference; lastKnownFileType = sourcecode.swift; path = new.swift; sourceTree = "<group>"; };
		E1FAAA1C288589890088E4AE /* 8393.swift */ = {isa = PBXFileReference; lastKnownFileType = sourcecode.swift; path = 8393.swift; sourceTree = "<group>"; };
		E1FAAA34288718180088E4AE /* 10818.swift */ = {isa = PBXFileReference; lastKnownFileType = sourcecode.swift; path = 10818.swift; sourceTree = "<group>"; };
		E1FAAA392887196E0088E4AE /* 2739.swift */ = {isa = PBXFileReference; lastKnownFileType = sourcecode.swift; path = 2739.swift; sourceTree = "<group>"; };
		E1FAAA3A288719C20088E4AE /* 10950.swift */ = {isa = PBXFileReference; lastKnownFileType = sourcecode.swift; path = 10950.swift; sourceTree = "<group>"; };
		E1FAAA3B28871B160088E4AE /* 2741.swift */ = {isa = PBXFileReference; lastKnownFileType = sourcecode.swift; path = 2741.swift; sourceTree = "<group>"; };
		E1FAAA3C28871B7C0088E4AE /* 2742.swift */ = {isa = PBXFileReference; lastKnownFileType = sourcecode.swift; path = 2742.swift; sourceTree = "<group>"; };
		E1FAAA3D28871BF00088E4AE /* 11021.swift */ = {isa = PBXFileReference; lastKnownFileType = sourcecode.swift; path = 11021.swift; sourceTree = "<group>"; };
		E1FAAA3E28871E6C0088E4AE /* 11022.swift */ = {isa = PBXFileReference; lastKnownFileType = sourcecode.swift; path = 11022.swift; sourceTree = "<group>"; };
		E1FAAA3F28871F460088E4AE /* 2438.swift */ = {isa = PBXFileReference; lastKnownFileType = sourcecode.swift; path = 2438.swift; sourceTree = "<group>"; };
		E1FAAA40288720A00088E4AE /* 2439.swift */ = {isa = PBXFileReference; lastKnownFileType = sourcecode.swift; path = 2439.swift; sourceTree = "<group>"; };
		E1FAAA42288721490088E4AE /* 10871.swift */ = {isa = PBXFileReference; lastKnownFileType = sourcecode.swift; path = 10871.swift; sourceTree = "<group>"; };
		E1FAAA432887BF940088E4AE /* 10952.swift */ = {isa = PBXFileReference; lastKnownFileType = sourcecode.swift; path = 10952.swift; sourceTree = "<group>"; };
		E1FAAA442887C1620088E4AE /* 10951.swift */ = {isa = PBXFileReference; lastKnownFileType = sourcecode.swift; path = 10951.swift; sourceTree = "<group>"; };
/* End PBXFileReference section */

/* Begin PBXFrameworksBuildPhase section */
		E1FAA9E0287EE93A0088E4AE /* Frameworks */ = {
			isa = PBXFrameworksBuildPhase;
			buildActionMask = 2147483647;
			files = (
			);
			runOnlyForDeploymentPostprocessing = 0;
		};
/* End PBXFrameworksBuildPhase section */

/* Begin PBXGroup section */
		E14A876E2890E9F5004F5D86 /* LeetCode */ = {
			isa = PBXGroup;
			children = (
				E14A877D2898A36E004F5D86 /* day7 */,
				E14A877C2898139D004F5D86 /* day6 */,
				E14A877B28968554004F5D86 /* day5 */,
				E14A87792894D8DB004F5D86 /* day4 */,
				E14A877628935E8E004F5D86 /* day3 */,
				E14A87722890EA82004F5D86 /* day2 */,
				E14A876F2890E9FD004F5D86 /* day1 */,
			);
			path = LeetCode;
			sourceTree = "<group>";
		};
		E14A876F2890E9FD004F5D86 /* day1 */ = {
			isa = PBXGroup;
			children = (
				E14A87702890EA0C004F5D86 /* 1480.swift */,
				E14A87712890EA36004F5D86 /* 724.swift */,
			);
			path = day1;
			sourceTree = "<group>";
		};
		E14A87722890EA82004F5D86 /* day2 */ = {
			isa = PBXGroup;
			children = (
				E14A8773289233AE004F5D86 /* 205.swift */,
				E14A8774289233C4004F5D86 /* 392.swift */,
			);
			path = day2;
			sourceTree = "<group>";
		};
		E14A877628935E8E004F5D86 /* day3 */ = {
			isa = PBXGroup;
			children = (
				E14A877728935E9B004F5D86 /* 206.swift */,
				E14A8778289365E4004F5D86 /* 21.swift */,
			);
			path = day3;
			sourceTree = "<group>";
		};
		E14A87792894D8DB004F5D86 /* day4 */ = {
			isa = PBXGroup;
			children = (
				E14A877A2894D8E9004F5D86 /* 876.swift */,
			);
			path = day4;
			sourceTree = "<group>";
		};
		E14A877B28968554004F5D86 /* day5 */ = {
			isa = PBXGroup;
			children = (
			);
			path = day5;
			sourceTree = "<group>";
		};
		E14A877C2898139D004F5D86 /* day6 */ = {
			isa = PBXGroup;
			children = (
			);
			path = day6;
			sourceTree = "<group>";
		};
		E14A877D2898A36E004F5D86 /* day7 */ = {
			isa = PBXGroup;
			children = (
				E14A87802898A8A5004F5D86 /* 278.swift */,
				E14A87812898AC1A004F5D86 /* 704.swift */,
			);
			path = day7;
			sourceTree = "<group>";
		};
		E1E3399928881A69001844C0 /* step_5 */ = {
			isa = PBXGroup;
			children = (
				E1E3399A28881A79001844C0 /* 4673.swift */,
				E1E3399C288823C6001844C0 /* 1065.swift */,
			);
			path = step_5;
			sourceTree = "<group>";
		};
		E1FAA9DA287EE93A0088E4AE = {
			isa = PBXGroup;
			children = (
				E1FAA9E5287EE93A0088E4AE /* Algorithm */,
				E1FAA9E4287EE93A0088E4AE /* Products */,
			);
			sourceTree = "<group>";
		};
		E1FAA9E4287EE93A0088E4AE /* Products */ = {
			isa = PBXGroup;
			children = (
				E1FAA9E3287EE93A0088E4AE /* Algorithm */,
			);
			name = Products;
			sourceTree = "<group>";
		};
		E1FAA9E5287EE93A0088E4AE /* Algorithm */ = {
			isa = PBXGroup;
			children = (
				E14A876E2890E9F5004F5D86 /* LeetCode */,
				E1FAA9EE287EE9520088E4AE /* BOJ */,
				E1FAA9ED287EE9430088E4AE /* programmers */,
				E1FAA9E6287EE93A0088E4AE /* main.swift */,
			);
			path = Algorithm;
			sourceTree = "<group>";
		};
		E1FAA9ED287EE9430088E4AE /* programmers */ = {
			isa = PBXGroup;
			children = (
				E1FAAA06287EF7370088E4AE /* new.swift */,
			);
			path = programmers;
			sourceTree = "<group>";
		};
		E1FAA9EE287EE9520088E4AE /* BOJ */ = {
			isa = PBXGroup;
			children = (
				E1E3399928881A69001844C0 /* step_5 */,
				E1FAAA332887180A0088E4AE /* step_4 */,
				E1FAAA1B2885897C0088E4AE /* step_3 */,
			);
			path = BOJ;
			sourceTree = "<group>";
		};
		E1FAAA1B2885897C0088E4AE /* step_3 */ = {
			isa = PBXGroup;
			children = (
				E1FAAA1C288589890088E4AE /* 8393.swift */,
				E1FAAA392887196E0088E4AE /* 2739.swift */,
				E1FAAA3A288719C20088E4AE /* 10950.swift */,
				E1FAAA3B28871B160088E4AE /* 2741.swift */,
				E1FAAA3C28871B7C0088E4AE /* 2742.swift */,
				E1FAAA3D28871BF00088E4AE /* 11021.swift */,
				E1FAAA3E28871E6C0088E4AE /* 11022.swift */,
				E1FAAA3F28871F460088E4AE /* 2438.swift */,
				E1FAAA40288720A00088E4AE /* 2439.swift */,
				E1FAAA42288721490088E4AE /* 10871.swift */,
				E1FAAA432887BF940088E4AE /* 10952.swift */,
				E1FAAA442887C1620088E4AE /* 10951.swift */,
				E1E3399B28881D24001844C0 /* 1110.swift */,
			);
			path = step_3;
			sourceTree = "<group>";
		};
		E1FAAA332887180A0088E4AE /* step_4 */ = {
			isa = PBXGroup;
			children = (
				E1FAAA34288718180088E4AE /* 10818.swift */,
				E1E3399D2889C795001844C0 /* 2562.swift */,
				E1E3399E2889C8AB001844C0 /* 2577.swift */,
				E1E339DA288C1474001844C0 /* 3052.swift */,
				E1E339DB288C1796001844C0 /* 1546.swift */,
				E1E339DC288DADF1001844C0 /* 8958.swift */,
				E1E339DD288DBB01001844C0 /* 4344.swift */,
			);
			path = step_4;
			sourceTree = "<group>";
		};
/* End PBXGroup section */

/* Begin PBXNativeTarget section */
		E1FAA9E2287EE93A0088E4AE /* Algorithm */ = {
			isa = PBXNativeTarget;
			buildConfigurationList = E1FAA9EA287EE93A0088E4AE /* Build configuration list for PBXNativeTarget "Algorithm" */;
			buildPhases = (
				E1FAA9DF287EE93A0088E4AE /* Sources */,
				E1FAA9E0287EE93A0088E4AE /* Frameworks */,
				E1FAA9E1287EE93A0088E4AE /* CopyFiles */,
			);
			buildRules = (
			);
			dependencies = (
			);
			name = Algorithm;
			productName = Algorithm;
			productReference = E1FAA9E3287EE93A0088E4AE /* Algorithm */;
			productType = "com.apple.product-type.tool";
		};
/* End PBXNativeTarget section */

/* Begin PBXProject section */
		E1FAA9DB287EE93A0088E4AE /* Project object */ = {
			isa = PBXProject;
			attributes = {
				BuildIndependentTargetsInParallel = 1;
				LastSwiftUpdateCheck = 1340;
				LastUpgradeCheck = 1340;
				TargetAttributes = {
					E1FAA9E2287EE93A0088E4AE = {
						CreatedOnToolsVersion = 13.4.1;
					};
				};
			};
			buildConfigurationList = E1FAA9DE287EE93A0088E4AE /* Build configuration list for PBXProject "Algorithm" */;
			compatibilityVersion = "Xcode 13.0";
			developmentRegion = en;
			hasScannedForEncodings = 0;
			knownRegions = (
				en,
				Base,
			);
			mainGroup = E1FAA9DA287EE93A0088E4AE;
			productRefGroup = E1FAA9E4287EE93A0088E4AE /* Products */;
			projectDirPath = "";
			projectRoot = "";
			targets = (
				E1FAA9E2287EE93A0088E4AE /* Algorithm */,
			);
		};
/* End PBXProject section */

/* Begin PBXSourcesBuildPhase section */
		E1FAA9DF287EE93A0088E4AE /* Sources */ = {
			isa = PBXSourcesBuildPhase;
			buildActionMask = 2147483647;
			files = (
				E1FAAA07287EF7370088E4AE /* new.swift in Sources */,
				E1FAA9E7287EE93A0088E4AE /* main.swift in Sources */,
			);
			runOnlyForDeploymentPostprocessing = 0;
		};
/* End PBXSourcesBuildPhase section */

/* Begin XCBuildConfiguration section */
		E1FAA9E8287EE93A0088E4AE /* Debug */ = {
			isa = XCBuildConfiguration;
			buildSettings = {
				ALWAYS_SEARCH_USER_PATHS = NO;
				CLANG_ANALYZER_NONNULL = YES;
				CLANG_ANALYZER_NUMBER_OBJECT_CONVERSION = YES_AGGRESSIVE;
				CLANG_CXX_LANGUAGE_STANDARD = "gnu++17";
				CLANG_ENABLE_MODULES = YES;
				CLANG_ENABLE_OBJC_ARC = YES;
				CLANG_ENABLE_OBJC_WEAK = YES;
				CLANG_WARN_BLOCK_CAPTURE_AUTORELEASING = YES;
				CLANG_WARN_BOOL_CONVERSION = YES;
				CLANG_WARN_COMMA = YES;
				CLANG_WARN_CONSTANT_CONVERSION = YES;
				CLANG_WARN_DEPRECATED_OBJC_IMPLEMENTATIONS = YES;
				CLANG_WARN_DIRECT_OBJC_ISA_USAGE = YES_ERROR;
				CLANG_WARN_DOCUMENTATION_COMMENTS = YES;
				CLANG_WARN_EMPTY_BODY = YES;
				CLANG_WARN_ENUM_CONVERSION = YES;
				CLANG_WARN_INFINITE_RECURSION = YES;
				CLANG_WARN_INT_CONVERSION = YES;
				CLANG_WARN_NON_LITERAL_NULL_CONVERSION = YES;
				CLANG_WARN_OBJC_IMPLICIT_RETAIN_SELF = YES;
				CLANG_WARN_OBJC_LITERAL_CONVERSION = YES;
				CLANG_WARN_OBJC_ROOT_CLASS = YES_ERROR;
				CLANG_WARN_QUOTED_INCLUDE_IN_FRAMEWORK_HEADER = YES;
				CLANG_WARN_RANGE_LOOP_ANALYSIS = YES;
				CLANG_WARN_STRICT_PROTOTYPES = YES;
				CLANG_WARN_SUSPICIOUS_MOVE = YES;
				CLANG_WARN_UNGUARDED_AVAILABILITY = YES_AGGRESSIVE;
				CLANG_WARN_UNREACHABLE_CODE = YES;
				CLANG_WARN__DUPLICATE_METHOD_MATCH = YES;
				COPY_PHASE_STRIP = NO;
				DEBUG_INFORMATION_FORMAT = dwarf;
				ENABLE_STRICT_OBJC_MSGSEND = YES;
				ENABLE_TESTABILITY = YES;
				GCC_C_LANGUAGE_STANDARD = gnu11;
				GCC_DYNAMIC_NO_PIC = NO;
				GCC_NO_COMMON_BLOCKS = YES;
				GCC_OPTIMIZATION_LEVEL = 0;
				GCC_PREPROCESSOR_DEFINITIONS = (
					"DEBUG=1",
					"$(inherited)",
				);
				GCC_WARN_64_TO_32_BIT_CONVERSION = YES;
				GCC_WARN_ABOUT_RETURN_TYPE = YES_ERROR;
				GCC_WARN_UNDECLARED_SELECTOR = YES;
				GCC_WARN_UNINITIALIZED_AUTOS = YES_AGGRESSIVE;
				GCC_WARN_UNUSED_FUNCTION = YES;
				GCC_WARN_UNUSED_VARIABLE = YES;
				MACOSX_DEPLOYMENT_TARGET = 12.3;
				MTL_ENABLE_DEBUG_INFO = INCLUDE_SOURCE;
				MTL_FAST_MATH = YES;
				ONLY_ACTIVE_ARCH = YES;
				SDKROOT = macosx;
				SWIFT_ACTIVE_COMPILATION_CONDITIONS = DEBUG;
				SWIFT_OPTIMIZATION_LEVEL = "-Onone";
			};
			name = Debug;
		};
		E1FAA9E9287EE93A0088E4AE /* Release */ = {
			isa = XCBuildConfiguration;
			buildSettings = {
				ALWAYS_SEARCH_USER_PATHS = NO;
				CLANG_ANALYZER_NONNULL = YES;
				CLANG_ANALYZER_NUMBER_OBJECT_CONVERSION = YES_AGGRESSIVE;
				CLANG_CXX_LANGUAGE_STANDARD = "gnu++17";
				CLANG_ENABLE_MODULES = YES;
				CLANG_ENABLE_OBJC_ARC = YES;
				CLANG_ENABLE_OBJC_WEAK = YES;
				CLANG_WARN_BLOCK_CAPTURE_AUTORELEASING = YES;
				CLANG_WARN_BOOL_CONVERSION = YES;
				CLANG_WARN_COMMA = YES;
				CLANG_WARN_CONSTANT_CONVERSION = YES;
				CLANG_WARN_DEPRECATED_OBJC_IMPLEMENTATIONS = YES;
				CLANG_WARN_DIRECT_OBJC_ISA_USAGE = YES_ERROR;
				CLANG_WARN_DOCUMENTATION_COMMENTS = YES;
				CLANG_WARN_EMPTY_BODY = YES;
				CLANG_WARN_ENUM_CONVERSION = YES;
				CLANG_WARN_INFINITE_RECURSION = YES;
				CLANG_WARN_INT_CONVERSION = YES;
				CLANG_WARN_NON_LITERAL_NULL_CONVERSION = YES;
				CLANG_WARN_OBJC_IMPLICIT_RETAIN_SELF = YES;
				CLANG_WARN_OBJC_LITERAL_CONVERSION = YES;
				CLANG_WARN_OBJC_ROOT_CLASS = YES_ERROR;
				CLANG_WARN_QUOTED_INCLUDE_IN_FRAMEWORK_HEADER = YES;
				CLANG_WARN_RANGE_LOOP_ANALYSIS = YES;
				CLANG_WARN_STRICT_PROTOTYPES = YES;
				CLANG_WARN_SUSPICIOUS_MOVE = YES;
				CLANG_WARN_UNGUARDED_AVAILABILITY = YES_AGGRESSIVE;
				CLANG_WARN_UNREACHABLE_CODE = YES;
				CLANG_WARN__DUPLICATE_METHOD_MATCH = YES;
				COPY_PHASE_STRIP = NO;
				DEBUG_INFORMATION_FORMAT = "dwarf-with-dsym";
				ENABLE_NS_ASSERTIONS = NO;
				ENABLE_STRICT_OBJC_MSGSEND = YES;
				GCC_C_LANGUAGE_STANDARD = gnu11;
				GCC_NO_COMMON_BLOCKS = YES;
				GCC_WARN_64_TO_32_BIT_CONVERSION = YES;
				GCC_WARN_ABOUT_RETURN_TYPE = YES_ERROR;
				GCC_WARN_UNDECLARED_SELECTOR = YES;
				GCC_WARN_UNINITIALIZED_AUTOS = YES_AGGRESSIVE;
				GCC_WARN_UNUSED_FUNCTION = YES;
				GCC_WARN_UNUSED_VARIABLE = YES;
				MACOSX_DEPLOYMENT_TARGET = 12.3;
				MTL_ENABLE_DEBUG_INFO = NO;
				MTL_FAST_MATH = YES;
				SDKROOT = macosx;
				SWIFT_COMPILATION_MODE = wholemodule;
				SWIFT_OPTIMIZATION_LEVEL = "-O";
			};
			name = Release;
		};
		E1FAA9EB287EE93A0088E4AE /* Debug */ = {
			isa = XCBuildConfiguration;
			buildSettings = {
				CODE_SIGN_STYLE = Automatic;
				PRODUCT_NAME = "$(TARGET_NAME)";
				SWIFT_VERSION = 5.0;
			};
			name = Debug;
		};
		E1FAA9EC287EE93A0088E4AE /* Release */ = {
			isa = XCBuildConfiguration;
			buildSettings = {
				CODE_SIGN_STYLE = Automatic;
				PRODUCT_NAME = "$(TARGET_NAME)";
				SWIFT_VERSION = 5.0;
			};
			name = Release;
		};
/* End XCBuildConfiguration section */

/* Begin XCConfigurationList section */
		E1FAA9DE287EE93A0088E4AE /* Build configuration list for PBXProject "Algorithm" */ = {
			isa = XCConfigurationList;
			buildConfigurations = (
				E1FAA9E8287EE93A0088E4AE /* Debug */,
				E1FAA9E9287EE93A0088E4AE /* Release */,
			);
			defaultConfigurationIsVisible = 0;
			defaultConfigurationName = Release;
		};
		E1FAA9EA287EE93A0088E4AE /* Build configuration list for PBXNativeTarget "Algorithm" */ = {
			isa = XCConfigurationList;
			buildConfigurations = (
				E1FAA9EB287EE93A0088E4AE /* Debug */,
				E1FAA9EC287EE93A0088E4AE /* Release */,
			);
			defaultConfigurationIsVisible = 0;
			defaultConfigurationName = Release;
		};
/* End XCConfigurationList section */
	};
	rootObject = E1FAA9DB287EE93A0088E4AE /* Project object */;
}
